github.com/joho/godotenv v1.5.1 h1:7eLL/+HRGLY0ldzfGMeQkb7vMd0as4CfYvUVzLqw0N0=
github.com/joho/godotenv v1.5.1/go.mod h1:f4LDr5Voq0i2e/R5DDNOoa2zzDfwtkZa6DnEwAbqwq4=
github.com/lucsky/cuid v1.2.1 h1:MtJrL2OFhvYufUIn48d35QGXyeTC8tn0upumW9WwTHg=
github.com/lucsky/cuid v1.2.1/go.mod h1:QaaJqckboimOmhRSJXSx/+IT+VTfxfPGSo/6mfgUfmE=
